
Microsoft Visual Studio Solution File, Format Version 12.00
# Visual Studio Version 17
VisualStudioVersion = 17.2.32616.157
MinimumVisualStudioVersion = 10.0.40219.1
Project("{888888A0-9F3D-457C-B088-3A5042F75D52}") = "Lab_1", "Lab_1\Lab_1.pyproj", "{599810EC-3936-4C9D-AE59-1C8563D79779}"
EndProject
Global
	GlobalSection(SolutionConfigurationPlatforms) = preSolution
		Debug|Any CPU = Debug|Any CPU
		Release|Any CPU = Release|Any CPU
	EndGlobalSection
	GlobalSection(ProjectConfigurationPlatforms) = postSolution
		{599810EC-3936-4C9D-AE59-1C8563D79779}.Debug|Any CPU.ActiveCfg = Debug|Any CPU
		{599810EC-3936-4C9D-AE59-1C8563D79779}.Release|Any CPU.ActiveCfg = Release|Any CPU
	EndGlobalSection
	GlobalSection(SolutionProperties) = preSolution
		HideSolutionNode = FALSE
	EndGlobalSection
	GlobalSection(ExtensibilityGlobals) = postSolution
		SolutionGuid = {CEE40A24-6D0A-40CF-8610-C973EAFF9D03}
	EndGlobalSection
EndGlobal
